
Microsoft Visual Studio Solution File, Format Version 12.00
# Visual Studio Version 17
VisualStudioVersion = 17.1.32328.378
MinimumVisualStudioVersion = 10.0.40219.1
Project("{6EC3EE1D-3C4E-46DD-8F32-0CC8E7565705}") = "ImplicitsProblem", "ImplicitsProblem.fsproj", "{E0746AFF-C8D7-487D-8325-700F9C3D0806}"
EndProject
Project("{FAE04EC0-301F-11D3-BF4B-00C04F79EFBC}") = "CSharpImplicits", "CSharpImplicits\CSharpImplicits.csproj", "{966614FE-ADCF-4F9C-980F-0ECD548436E1}"
EndProject
Global
	GlobalSection(SolutionConfigurationPlatforms) = preSolution
		Debug|Any CPU = Debug|Any CPU
		Release|Any CPU = Release|Any CPU
	EndGlobalSection
	GlobalSection(ProjectConfigurationPlatforms) = postSolution
		{E0746AFF-C8D7-487D-8325-700F9C3D0806}.Debug|Any CPU.ActiveCfg = Debug|Any CPU
		{E0746AFF-C8D7-487D-8325-700F9C3D0806}.Debug|Any CPU.Build.0 = Debug|Any CPU
		{E0746AFF-C8D7-487D-8325-700F9C3D0806}.Release|Any CPU.ActiveCfg = Release|Any CPU
		{E0746AFF-C8D7-487D-8325-700F9C3D0806}.Release|Any CPU.Build.0 = Release|Any CPU
		{966614FE-ADCF-4F9C-980F-0ECD548436E1}.Debug|Any CPU.ActiveCfg = Debug|Any CPU
		{966614FE-ADCF-4F9C-980F-0ECD548436E1}.Debug|Any CPU.Build.0 = Debug|Any CPU
		{966614FE-ADCF-4F9C-980F-0ECD548436E1}.Release|Any CPU.ActiveCfg = Release|Any CPU
		{966614FE-ADCF-4F9C-980F-0ECD548436E1}.Release|Any CPU.Build.0 = Release|Any CPU
	EndGlobalSection
	GlobalSection(SolutionProperties) = preSolution
		HideSolutionNode = FALSE
	EndGlobalSection
	GlobalSection(ExtensibilityGlobals) = postSolution
		SolutionGuid = {3D8148BE-3F69-4F93-812C-A0D7D56C7660}
	EndGlobalSection
EndGlobal
