
Microsoft Visual Studio Solution File, Format Version 12.00
# Visual Studio Version 17
VisualStudioVersion = 17.1.32328.378
MinimumVisualStudioVersion = 10.0.40219.1
Project("{F2A71F9B-5D33-465A-A702-920D77279786}") = "ImplicitsProblem", "ImplicitsProblem.fsproj", "{E0746AFF-C8D7-487D-8325-700F9C3D0806}"
EndProject
Global
	GlobalSection(SolutionConfigurationPlatforms) = preSolution
		Debug|Any CPU = Debug|Any CPU
		Release|Any CPU = Release|Any CPU
	EndGlobalSection
	GlobalSection(ProjectConfigurationPlatforms) = postSolution
		{E0746AFF-C8D7-487D-8325-700F9C3D0806}.Debug|Any CPU.ActiveCfg = Debug|Any CPU
		{E0746AFF-C8D7-487D-8325-700F9C3D0806}.Debug|Any CPU.Build.0 = Debug|Any CPU
		{E0746AFF-C8D7-487D-8325-700F9C3D0806}.Release|Any CPU.ActiveCfg = Release|Any CPU
		{E0746AFF-C8D7-487D-8325-700F9C3D0806}.Release|Any CPU.Build.0 = Release|Any CPU
	EndGlobalSection
	GlobalSection(SolutionProperties) = preSolution
		HideSolutionNode = FALSE
	EndGlobalSection
	GlobalSection(ExtensibilityGlobals) = postSolution
		SolutionGuid = {3D8148BE-3F69-4F93-812C-A0D7D56C7660}
	EndGlobalSection
EndGlobal
